{
  "name": "countly-dbviewer",
  "version": "0.1.0",
  "lockfileVersion": 3,
  "requires": true,
  "packages": {
    "": {
      "name": "countly-dbviewer",
      "version": "0.1.0",
      "dependencies": {
        "bson": "^6.10.1"
      }
    },
    "node_modules/bson": {
      "version": "6.10.1",
      "resolved": "https://registry.npmjs.org/bson/-/bson-6.10.1.tgz",
      "integrity": "sha512-P92xmHDQjSKPLHqFxefqMxASNq/aWJMEZugpCjf+AF/pgcUpMMQCg7t7+ewko0/u8AapvF3luf/FoehddEK+sA==",
      "license": "Apache-2.0",
      "engines": {
        "node": ">=16.20.1"
      }
    }
  }
}
